
Microsoft Visual Studio Solution File, Format Version 12.00
# Visual Studio Version 16
VisualStudioVersion = 16.0.30320.27
MinimumVisualStudioVersion = 10.0.40219.1
Project("{FAE04EC0-301F-11D3-BF4B-00C04F79EFBC}") = "FFM", "FFM\FFM.csproj", "{3092DC99-FE20-4D23-AB2B-2E77B895B2A8}"
EndProject
Global
	GlobalSection(SolutionConfigurationPlatforms) = preSolution
		Debug|Any CPU = Debug|Any CPU
		Release|Any CPU = Release|Any CPU
	EndGlobalSection
	GlobalSection(ProjectConfigurationPlatforms) = postSolution
		{3092DC99-FE20-4D23-AB2B-2E77B895B2A8}.Debug|Any CPU.ActiveCfg = Debug|Any CPU
		{3092DC99-FE20-4D23-AB2B-2E77B895B2A8}.Debug|Any CPU.Build.0 = Debug|Any CPU
		{3092DC99-FE20-4D23-AB2B-2E77B895B2A8}.Release|Any CPU.ActiveCfg = Release|Any CPU
		{3092DC99-FE20-4D23-AB2B-2E77B895B2A8}.Release|Any CPU.Build.0 = Release|Any CPU
	EndGlobalSection
	GlobalSection(SolutionProperties) = preSolution
		HideSolutionNode = FALSE
	EndGlobalSection
	GlobalSection(ExtensibilityGlobals) = postSolution
		SolutionGuid = {A20B17AE-424D-47C5-A42B-71A1538EEEC3}
	EndGlobalSection
EndGlobal
